github.com/zhanggy1984/mathutil v1.0.0 h1:3ld5bV8qfGPqvVFydjcDGpCyGA+ARMeTI97smi++e04=
github.com/zhanggy1984/mathutil v1.0.0/go.mod h1:dCmgZFJhJJhiHBa9+GTGnCcFs77sYrCBpUvKI0P4GCQ=
github.com/zhanggy1984/mathutil/v2 v2.0.0 h1:Sko2AfVj+u0QQblI9tsEdQXEzNHm4MokE7T+GOf9Lhc=
github.com/zhanggy1984/mathutil/v2 v2.0.0/go.mod h1:DCfhnV7LR4yK6wGLs4qjhvYGc+28uDR6QwWQyEs0oNM=
